
Microsoft Visual Studio Solution File, Format Version 12.00
# Visual Studio Version 16
VisualStudioVersion = 16.0.31005.135
MinimumVisualStudioVersion = 10.0.40219.1
Project("{FAE04EC0-301F-11D3-BF4B-00C04F79EFBC}") = "lab2-task1wf", "lab2-task1wf\lab2-task1wf.csproj", "{38D5F172-F7A6-46BE-8B15-74FC27EE813A}"
EndProject
Global
	GlobalSection(SolutionConfigurationPlatforms) = preSolution
		Debug|Any CPU = Debug|Any CPU
		Release|Any CPU = Release|Any CPU
	EndGlobalSection
	GlobalSection(ProjectConfigurationPlatforms) = postSolution
		{38D5F172-F7A6-46BE-8B15-74FC27EE813A}.Debug|Any CPU.ActiveCfg = Debug|Any CPU
		{38D5F172-F7A6-46BE-8B15-74FC27EE813A}.Debug|Any CPU.Build.0 = Debug|Any CPU
		{38D5F172-F7A6-46BE-8B15-74FC27EE813A}.Release|Any CPU.ActiveCfg = Release|Any CPU
		{38D5F172-F7A6-46BE-8B15-74FC27EE813A}.Release|Any CPU.Build.0 = Release|Any CPU
	EndGlobalSection
	GlobalSection(SolutionProperties) = preSolution
		HideSolutionNode = FALSE
	EndGlobalSection
	GlobalSection(ExtensibilityGlobals) = postSolution
		SolutionGuid = {5D3534BB-DFFC-4A36-9BAE-DA74C2ED516A}
	EndGlobalSection
EndGlobal
